
Microsoft Visual Studio Solution File, Format Version 12.00
# Visual Studio Version 16
VisualStudioVersion = 16.0.30523.141
MinimumVisualStudioVersion = 10.0.40219.1
Project("{9A19103F-16F7-4668-BE54-9A1E7A4F7556}") = "Fale_Conosco", "Fale_Conosco\Fale_Conosco.csproj", "{EFC9415C-C9BB-439A-853B-823BEC792F3A}"
EndProject
Global
	GlobalSection(SolutionConfigurationPlatforms) = preSolution
		Debug|Any CPU = Debug|Any CPU
		Release|Any CPU = Release|Any CPU
	EndGlobalSection
	GlobalSection(ProjectConfigurationPlatforms) = postSolution
		{EFC9415C-C9BB-439A-853B-823BEC792F3A}.Debug|Any CPU.ActiveCfg = Debug|Any CPU
		{EFC9415C-C9BB-439A-853B-823BEC792F3A}.Debug|Any CPU.Build.0 = Debug|Any CPU
		{EFC9415C-C9BB-439A-853B-823BEC792F3A}.Release|Any CPU.ActiveCfg = Release|Any CPU
		{EFC9415C-C9BB-439A-853B-823BEC792F3A}.Release|Any CPU.Build.0 = Release|Any CPU
	EndGlobalSection
	GlobalSection(SolutionProperties) = preSolution
		HideSolutionNode = FALSE
	EndGlobalSection
	GlobalSection(ExtensibilityGlobals) = postSolution
		SolutionGuid = {1AF27E43-8AC6-4B77-9AEC-1A8D2A0D1138}
	EndGlobalSection
EndGlobal
